
Microsoft Visual Studio Solution File, Format Version 12.00
# Visual Studio 15
VisualStudioVersion = 15.0.28307.1062
MinimumVisualStudioVersion = 10.0.40219.1
Project("{8BC9CEB8-8B4A-11D0-8D11-00A0C91BC942}") = "Project1", "Project1\Project1.vcxproj", "{E671B61C-DD72-461F-A385-B59DA4FB8F4A}"
EndProject
Global
	GlobalSection(SolutionConfigurationPlatforms) = preSolution
		Debug|x64 = Debug|x64
		Debug|x86 = Debug|x86
		Release|x64 = Release|x64
		Release|x86 = Release|x86
	EndGlobalSection
	GlobalSection(ProjectConfigurationPlatforms) = postSolution
		{E671B61C-DD72-461F-A385-B59DA4FB8F4A}.Debug|x64.ActiveCfg = Debug|x64
		{E671B61C-DD72-461F-A385-B59DA4FB8F4A}.Debug|x64.Build.0 = Debug|x64
		{E671B61C-DD72-461F-A385-B59DA4FB8F4A}.Debug|x86.ActiveCfg = Debug|Win32
		{E671B61C-DD72-461F-A385-B59DA4FB8F4A}.Debug|x86.Build.0 = Debug|Win32
		{E671B61C-DD72-461F-A385-B59DA4FB8F4A}.Release|x64.ActiveCfg = Release|x64
		{E671B61C-DD72-461F-A385-B59DA4FB8F4A}.Release|x64.Build.0 = Release|x64
		{E671B61C-DD72-461F-A385-B59DA4FB8F4A}.Release|x86.ActiveCfg = Release|Win32
		{E671B61C-DD72-461F-A385-B59DA4FB8F4A}.Release|x86.Build.0 = Release|Win32
	EndGlobalSection
	GlobalSection(SolutionProperties) = preSolution
		HideSolutionNode = FALSE
	EndGlobalSection
	GlobalSection(ExtensibilityGlobals) = postSolution
		SolutionGuid = {9384B59C-4AD5-4EAF-9A19-C979E693D034}
	EndGlobalSection
EndGlobal
